
Microsoft Visual Studio Solution File, Format Version 12.00
# Visual Studio Version 16
VisualStudioVersion = 16.0.30717.126
MinimumVisualStudioVersion = 10.0.40219.1
Project("{FAE04EC0-301F-11D3-BF4B-00C04F79EFBC}") = "HelloWebAPI", "HelloWebAPI\HelloWebAPI.csproj", "{6B1D0E0A-298E-4B09-89F5-DDB941CB2B1B}"
EndProject
Project("{FAE04EC0-301F-11D3-BF4B-00C04F79EFBC}") = "WebAPIApp", "WebAPIApp\WebAPIApp.csproj", "{8A9D0926-B461-4D20-B343-42C42889CEE7}"
EndProject
Global
	GlobalSection(SolutionConfigurationPlatforms) = preSolution
		Debug|Any CPU = Debug|Any CPU
		Release|Any CPU = Release|Any CPU
	EndGlobalSection
	GlobalSection(ProjectConfigurationPlatforms) = postSolution
		{6B1D0E0A-298E-4B09-89F5-DDB941CB2B1B}.Debug|Any CPU.ActiveCfg = Debug|Any CPU
		{6B1D0E0A-298E-4B09-89F5-DDB941CB2B1B}.Debug|Any CPU.Build.0 = Debug|Any CPU
		{6B1D0E0A-298E-4B09-89F5-DDB941CB2B1B}.Release|Any CPU.ActiveCfg = Release|Any CPU
		{6B1D0E0A-298E-4B09-89F5-DDB941CB2B1B}.Release|Any CPU.Build.0 = Release|Any CPU
		{8A9D0926-B461-4D20-B343-42C42889CEE7}.Debug|Any CPU.ActiveCfg = Debug|Any CPU
		{8A9D0926-B461-4D20-B343-42C42889CEE7}.Debug|Any CPU.Build.0 = Debug|Any CPU
		{8A9D0926-B461-4D20-B343-42C42889CEE7}.Release|Any CPU.ActiveCfg = Release|Any CPU
		{8A9D0926-B461-4D20-B343-42C42889CEE7}.Release|Any CPU.Build.0 = Release|Any CPU
	EndGlobalSection
	GlobalSection(SolutionProperties) = preSolution
		HideSolutionNode = FALSE
	EndGlobalSection
	GlobalSection(ExtensibilityGlobals) = postSolution
		SolutionGuid = {55FB7666-E723-4195-A318-AFD2B0F93C9C}
	EndGlobalSection
EndGlobal
